
Microsoft Visual Studio Solution File, Format Version 12.00
# Visual Studio Version 17
VisualStudioVersion = 17.7.34221.43
MinimumVisualStudioVersion = 10.0.40219.1
Project("{FAE04EC0-301F-11D3-BF4B-00C04F79EFBC}") = "BasketballAPI", "BasketballAPI\BasketballAPI.csproj", "{B1D12FE1-64AD-4362-8052-178C7CBD2945}"
EndProject
Global
	GlobalSection(SolutionConfigurationPlatforms) = preSolution
		Debug|Any CPU = Debug|Any CPU
		Release|Any CPU = Release|Any CPU
	EndGlobalSection
	GlobalSection(ProjectConfigurationPlatforms) = postSolution
		{B1D12FE1-64AD-4362-8052-178C7CBD2945}.Debug|Any CPU.ActiveCfg = Debug|Any CPU
		{B1D12FE1-64AD-4362-8052-178C7CBD2945}.Debug|Any CPU.Build.0 = Debug|Any CPU
		{B1D12FE1-64AD-4362-8052-178C7CBD2945}.Release|Any CPU.ActiveCfg = Release|Any CPU
		{B1D12FE1-64AD-4362-8052-178C7CBD2945}.Release|Any CPU.Build.0 = Release|Any CPU
	EndGlobalSection
	GlobalSection(SolutionProperties) = preSolution
		HideSolutionNode = FALSE
	EndGlobalSection
	GlobalSection(ExtensibilityGlobals) = postSolution
		SolutionGuid = {96F3F922-7A96-4B19-AC69-FAB06A632015}
	EndGlobalSection
EndGlobal
